
Microsoft Visual Studio Solution File, Format Version 12.00
# Visual Studio Version 17
VisualStudioVersion = 17.3.32901.215
MinimumVisualStudioVersion = 10.0.40219.1
Project("{FAE04EC0-301F-11D3-BF4B-00C04F79EFBC}") = "CustomerOrderApp.Core", "CustomerOrderApp.Core\CustomerOrderApp.Core.csproj", "{9CFED5B6-BFCB-467C-8967-3AFB32CAEA6B}"
EndProject
Project("{FAE04EC0-301F-11D3-BF4B-00C04F79EFBC}") = "CustomerOrderApp.Repository", "CustomerOrderApp.Repository\CustomerOrderApp.Repository.csproj", "{B8BA0BA3-4DB2-4DC1-947B-3B686A103B68}"
EndProject
Project("{FAE04EC0-301F-11D3-BF4B-00C04F79EFBC}") = "CustomerOrderApp.Service", "CustomerOrderApp.Service\CustomerOrderApp.Service.csproj", "{C80B6C9D-0B1E-4E6C-8043-755D153E16B5}"
EndProject
Project("{FAE04EC0-301F-11D3-BF4B-00C04F79EFBC}") = "CustomerOrderApp.API", "CustomerOrderApp.API\CustomerOrderApp.API.csproj", "{817F79BC-18D6-4A9D-A981-327D3A04BE2B}"
EndProject
Global
	GlobalSection(SolutionConfigurationPlatforms) = preSolution
		Debug|Any CPU = Debug|Any CPU
		Release|Any CPU = Release|Any CPU
	EndGlobalSection
	GlobalSection(ProjectConfigurationPlatforms) = postSolution
		{9CFED5B6-BFCB-467C-8967-3AFB32CAEA6B}.Debug|Any CPU.ActiveCfg = Debug|Any CPU
		{9CFED5B6-BFCB-467C-8967-3AFB32CAEA6B}.Debug|Any CPU.Build.0 = Debug|Any CPU
		{9CFED5B6-BFCB-467C-8967-3AFB32CAEA6B}.Release|Any CPU.ActiveCfg = Release|Any CPU
		{9CFED5B6-BFCB-467C-8967-3AFB32CAEA6B}.Release|Any CPU.Build.0 = Release|Any CPU
		{B8BA0BA3-4DB2-4DC1-947B-3B686A103B68}.Debug|Any CPU.ActiveCfg = Debug|Any CPU
		{B8BA0BA3-4DB2-4DC1-947B-3B686A103B68}.Debug|Any CPU.Build.0 = Debug|Any CPU
		{B8BA0BA3-4DB2-4DC1-947B-3B686A103B68}.Release|Any CPU.ActiveCfg = Release|Any CPU
		{B8BA0BA3-4DB2-4DC1-947B-3B686A103B68}.Release|Any CPU.Build.0 = Release|Any CPU
		{C80B6C9D-0B1E-4E6C-8043-755D153E16B5}.Debug|Any CPU.ActiveCfg = Debug|Any CPU
		{C80B6C9D-0B1E-4E6C-8043-755D153E16B5}.Debug|Any CPU.Build.0 = Debug|Any CPU
		{C80B6C9D-0B1E-4E6C-8043-755D153E16B5}.Release|Any CPU.ActiveCfg = Release|Any CPU
		{C80B6C9D-0B1E-4E6C-8043-755D153E16B5}.Release|Any CPU.Build.0 = Release|Any CPU
		{817F79BC-18D6-4A9D-A981-327D3A04BE2B}.Debug|Any CPU.ActiveCfg = Debug|Any CPU
		{817F79BC-18D6-4A9D-A981-327D3A04BE2B}.Debug|Any CPU.Build.0 = Debug|Any CPU
		{817F79BC-18D6-4A9D-A981-327D3A04BE2B}.Release|Any CPU.ActiveCfg = Release|Any CPU
		{817F79BC-18D6-4A9D-A981-327D3A04BE2B}.Release|Any CPU.Build.0 = Release|Any CPU
	EndGlobalSection
	GlobalSection(SolutionProperties) = preSolution
		HideSolutionNode = FALSE
	EndGlobalSection
	GlobalSection(ExtensibilityGlobals) = postSolution
		SolutionGuid = {5D2CDA41-CFB7-442E-AC35-53E939EBBC7D}
	EndGlobalSection
EndGlobal
